Microsoft Visual Studio Solution File, Format Version 12.00
# Visual Studio Version 17
VisualStudioVersion = 17.5.2.0
MinimumVisualStudioVersion = 10.0.40219.1
Project("{FAE04EC0-301F-11D3-BF4B-00C04F79EFBC}") = "examin2", "examin2.csproj", "{A7CD3A66-AFAF-A5DD-6382-8C8A00D6513E}"
EndProject
Global
	GlobalSection(SolutionConfigurationPlatforms) = preSolution
		Debug|Any CPU = Debug|Any CPU
		Release|Any CPU = Release|Any CPU
	EndGlobalSection
	GlobalSection(ProjectConfigurationPlatforms) = postSolution
		{A7CD3A66-AFAF-A5DD-6382-8C8A00D6513E}.Debug|Any CPU.ActiveCfg = Debug|Any CPU
		{A7CD3A66-AFAF-A5DD-6382-8C8A00D6513E}.Debug|Any CPU.Build.0 = Debug|Any CPU
		{A7CD3A66-AFAF-A5DD-6382-8C8A00D6513E}.Release|Any CPU.ActiveCfg = Release|Any CPU
		{A7CD3A66-AFAF-A5DD-6382-8C8A00D6513E}.Release|Any CPU.Build.0 = Release|Any CPU
	EndGlobalSection
	GlobalSection(SolutionProperties) = preSolution
		HideSolutionNode = FALSE
	EndGlobalSection
	GlobalSection(ExtensibilityGlobals) = postSolution
		SolutionGuid = {77D5E53E-4049-4773-A18D-0C7D2B153D57}
	EndGlobalSection
EndGlobal
